
Microsoft Visual Studio Solution File, Format Version 12.00
# Visual Studio Version 17
VisualStudioVersion = 17.14.36310.24 d17.14
MinimumVisualStudioVersion = 10.0.40219.1
Project("{FAE04EC0-301F-11D3-BF4B-00C04F79EFBC}") = "C969-Project", "C969-Project.csproj", "{5C517BCF-B384-4C87-A50E-F1227588B32F}"
EndProject
Global
	GlobalSection(SolutionConfigurationPlatforms) = preSolution
		Debug|Any CPU = Debug|Any CPU
		Release|Any CPU = Release|Any CPU
	EndGlobalSection
	GlobalSection(ProjectConfigurationPlatforms) = postSolution
		{5C517BCF-B384-4C87-A50E-F1227588B32F}.Debug|Any CPU.ActiveCfg = Debug|Any CPU
		{5C517BCF-B384-4C87-A50E-F1227588B32F}.Debug|Any CPU.Build.0 = Debug|Any CPU
		{5C517BCF-B384-4C87-A50E-F1227588B32F}.Release|Any CPU.ActiveCfg = Release|Any CPU
		{5C517BCF-B384-4C87-A50E-F1227588B32F}.Release|Any CPU.Build.0 = Release|Any CPU
	EndGlobalSection
	GlobalSection(SolutionProperties) = preSolution
		HideSolutionNode = FALSE
	EndGlobalSection
	GlobalSection(ExtensibilityGlobals) = postSolution
		SolutionGuid = {EF5324D3-1B49-4454-84B6-8DE97C7011FB}
	EndGlobalSection
EndGlobal
